// !$*UTF8*$!
{
	archiveVersion = 1;
	classes = {
	};
	objectVersion = 55;
	objects = {

/* Begin PBXBuildFile section */
		4B678D07923372844C43E54B /* Pods_FollowGram.framework in Frameworks */ = {isa = PBXBuildFile; fileRef = E1EBE1F59A0D767ED4825E70 /* Pods_FollowGram.framework */; };
		A81A06E82987DB6700880493 /* HomeTableViewCell.swift in Sources */ = {isa = PBXBuildFile; fileRef = A81A06E62987DB6700880493 /* HomeTableViewCell.swift */; };
		A81A06E92987DB6700880493 /* HomeTableViewCell.xib in Resources */ = {isa = PBXBuildFile; fileRef = A81A06E72987DB6700880493 /* HomeTableViewCell.xib */; };
		A837EB9F29813032001A9BAE /* AppDelegate.swift in Sources */ = {isa = PBXBuildFile; fileRef = A837EB9E29813032001A9BAE /* AppDelegate.swift */; };
		A837EBA129813032001A9BAE /* SceneDelegate.swift in Sources */ = {isa = PBXBuildFile; fileRef = A837EBA029813032001A9BAE /* SceneDelegate.swift */; };
		A837EBA329813032001A9BAE /* SignInViewController.swift in Sources */ = {isa = PBXBuildFile; fileRef = A837EBA229813032001A9BAE /* SignInViewController.swift */; };
		A837EBA629813032001A9BAE /* Main.storyboard in Resources */ = {isa = PBXBuildFile; fileRef = A837EBA429813032001A9BAE /* Main.storyboard */; };
		A837EBA829813034001A9BAE /* Assets.xcassets in Resources */ = {isa = PBXBuildFile; fileRef = A837EBA729813034001A9BAE /* Assets.xcassets */; };
		A837EBAB29813034001A9BAE /* LaunchScreen.storyboard in Resources */ = {isa = PBXBuildFile; fileRef = A837EBA929813034001A9BAE /* LaunchScreen.storyboard */; };
		A837EBB32981425A001A9BAE /* SignUpViewController.swift in Sources */ = {isa = PBXBuildFile; fileRef = A837EBB22981425A001A9BAE /* SignUpViewController.swift */; };
		A83D233829838F9E0086198C /* HomeViewController.swift in Sources */ = {isa = PBXBuildFile; fileRef = A83D233729838F9E0086198C /* HomeViewController.swift */; };
		A83D233C2983FA300086198C /* UploadViewController.swift in Sources */ = {isa = PBXBuildFile; fileRef = A83D233B2983FA300086198C /* UploadViewController.swift */; };
/* End PBXBuildFile section */

/* Begin PBXFileReference section */
		424620DDB8749DDB1BBF03F1 /* Pods-FollowGram.release.xcconfig */ = {isa = PBXFileReference; includeInIndex = 1; lastKnownFileType = text.xcconfig; name = "Pods-FollowGram.release.xcconfig"; path = "Target Support Files/Pods-FollowGram/Pods-FollowGram.release.xcconfig"; sourceTree = "<group>"; };
		A81A06E62987DB6700880493 /* HomeTableViewCell.swift */ = {isa = PBXFileReference; lastKnownFileType = sourcecode.swift; path = HomeTableViewCell.swift; sourceTree = "<group>"; };
		A81A06E72987DB6700880493 /* HomeTableViewCell.xib */ = {isa = PBXFileReference; lastKnownFileType = file.xib; path = HomeTableViewCell.xib; sourceTree = "<group>"; };
		A837EB9B29813032001A9BAE /* FollowGram.app */ = {isa = PBXFileReference; explicitFileType = wrapper.application; includeInIndex = 0; path = FollowGram.app; sourceTree = BUILT_PRODUCTS_DIR; };
		A837EB9E29813032001A9BAE /* AppDelegate.swift */ = {isa = PBXFileReference; lastKnownFileType = sourcecode.swift; path = AppDelegate.swift; sourceTree = "<group>"; };
		A837EBA029813032001A9BAE /* SceneDelegate.swift */ = {isa = PBXFileReference; lastKnownFileType = sourcecode.swift; path = SceneDelegate.swift; sourceTree = "<group>"; };
		A837EBA229813032001A9BAE /* SignInViewController.swift */ = {isa = PBXFileReference; lastKnownFileType = sourcecode.swift; path = SignInViewController.swift; sourceTree = "<group>"; };
		A837EBA529813032001A9BAE /* Base */ = {isa = PBXFileReference; lastKnownFileType = file.storyboard; name = Base; path = Base.lproj/Main.storyboard; sourceTree = "<group>"; };
		A837EBA729813034001A9BAE /* Assets.xcassets */ = {isa = PBXFileReference; lastKnownFileType = folder.assetcatalog; path = Assets.xcassets; sourceTree = "<group>"; };
		A837EBAA29813034001A9BAE /* Base */ = {isa = PBXFileReference; lastKnownFileType = file.storyboard; name = Base; path = Base.lproj/LaunchScreen.storyboard; sourceTree = "<group>"; };
		A837EBAC29813034001A9BAE /* Info.plist */ = {isa = PBXFileReference; lastKnownFileType = text.plist.xml; path = Info.plist; sourceTree = "<group>"; };
		A837EBB22981425A001A9BAE /* SignUpViewController.swift */ = {isa = PBXFileReference; lastKnownFileType = sourcecode.swift; path = SignUpViewController.swift; sourceTree = "<group>"; };
		A83D233729838F9E0086198C /* HomeViewController.swift */ = {isa = PBXFileReference; lastKnownFileType = sourcecode.swift; path = HomeViewController.swift; sourceTree = "<group>"; };
		A83D233B2983FA300086198C /* UploadViewController.swift */ = {isa = PBXFileReference; lastKnownFileType = sourcecode.swift; path = UploadViewController.swift; sourceTree = "<group>"; };
		CC0FC230B3A94C0CE509839F /* Pods-FollowGram.debug.xcconfig */ = {isa = PBXFileReference; includeInIndex = 1; lastKnownFileType = text.xcconfig; name = "Pods-FollowGram.debug.xcconfig"; path = "Target Support Files/Pods-FollowGram/Pods-FollowGram.debug.xcconfig"; sourceTree = "<group>"; };
		E1EBE1F59A0D767ED4825E70 /* Pods_FollowGram.framework */ = {isa = PBXFileReference; explicitFileType = wrapper.framework; includeInIndex = 0; path = Pods_FollowGram.framework; sourceTree = BUILT_PRODUCTS_DIR; };
/* End PBXFileReference section */

/* Begin PBXFrameworksBuildPhase section */
		A837EB9829813032001A9BAE /* Frameworks */ = {
			isa = PBXFrameworksBuildPhase;
			buildActionMask = 2147483647;
			files = (
				4B678D07923372844C43E54B /* Pods_FollowGram.framework in Frameworks */,
			);
			runOnlyForDeploymentPostprocessing = 0;
		};
/* End PBXFrameworksBuildPhase section */

/* Begin PBXGroup section */
		0D558BB12CF8F6C6BEDCEF5C /* Frameworks */ = {
			isa = PBXGroup;
			children = (
				E1EBE1F59A0D767ED4825E70 /* Pods_FollowGram.framework */,
			);
			name = Frameworks;
			sourceTree = "<group>";
		};
		4E48BD0CE771C30D9CF7BFEC /* Pods */ = {
			isa = PBXGroup;
			children = (
				CC0FC230B3A94C0CE509839F /* Pods-FollowGram.debug.xcconfig */,
				424620DDB8749DDB1BBF03F1 /* Pods-FollowGram.release.xcconfig */,
			);
			path = Pods;
			sourceTree = "<group>";
		};
		A837EB9229813032001A9BAE = {
			isa = PBXGroup;
			children = (
				A837EB9D29813032001A9BAE /* FollowGram */,
				A837EB9C29813032001A9BAE /* Products */,
				4E48BD0CE771C30D9CF7BFEC /* Pods */,
				0D558BB12CF8F6C6BEDCEF5C /* Frameworks */,
			);
			sourceTree = "<group>";
		};
		A837EB9C29813032001A9BAE /* Products */ = {
			isa = PBXGroup;
			children = (
				A837EB9B29813032001A9BAE /* FollowGram.app */,
			);
			name = Products;
			sourceTree = "<group>";
		};
		A837EB9D29813032001A9BAE /* FollowGram */ = {
			isa = PBXGroup;
			children = (
				A837EB9E29813032001A9BAE /* AppDelegate.swift */,
				A837EBA029813032001A9BAE /* SceneDelegate.swift */,
				A837EBA229813032001A9BAE /* SignInViewController.swift */,
				A837EBB22981425A001A9BAE /* SignUpViewController.swift */,
				A83D233729838F9E0086198C /* HomeViewController.swift */,
				A83D233B2983FA300086198C /* UploadViewController.swift */,
				A81A06E62987DB6700880493 /* HomeTableViewCell.swift */,
				A81A06E72987DB6700880493 /* HomeTableViewCell.xib */,
				A837EBA429813032001A9BAE /* Main.storyboard */,
				A837EBA929813034001A9BAE /* LaunchScreen.storyboard */,
				A837EBA729813034001A9BAE /* Assets.xcassets */,
				A837EBAC29813034001A9BAE /* Info.plist */,
			);
			path = FollowGram;
			sourceTree = "<group>";
		};
/* End PBXGroup section */

/* Begin PBXNativeTarget section */
		A837EB9A29813032001A9BAE /* FollowGram */ = {
			isa = PBXNativeTarget;
			buildConfigurationList = A837EBAF29813034001A9BAE /* Build configuration list for PBXNativeTarget "FollowGram" */;
			buildPhases = (
				E1FBF52130D6D716CDB290D3 /* [CP] Check Pods Manifest.lock */,
				A837EB9729813032001A9BAE /* Sources */,
				A837EB9829813032001A9BAE /* Frameworks */,
				A837EB9929813032001A9BAE /* Resources */,
				B994ACB331B739151C2ECC2B /* [CP] Embed Pods Frameworks */,
			);
			buildRules = (
			);
			dependencies = (
			);
			name = FollowGram;
			productName = FollowGram;
			productReference = A837EB9B29813032001A9BAE /* FollowGram.app */;
			productType = "com.apple.product-type.application";
		};
/* End PBXNativeTarget section */

/* Begin PBXProject section */
		A837EB9329813032001A9BAE /* Project object */ = {
			isa = PBXProject;
			attributes = {
				BuildIndependentTargetsInParallel = 1;
				LastSwiftUpdateCheck = 1340;
				LastUpgradeCheck = 1340;
				TargetAttributes = {
					A837EB9A29813032001A9BAE = {
						CreatedOnToolsVersion = 13.4.1;
					};
				};
			};
			buildConfigurationList = A837EB9629813032001A9BAE /* Build configuration list for PBXProject "FollowGram" */;
			compatibilityVersion = "Xcode 13.0";
			developmentRegion = en;
			hasScannedForEncodings = 0;
			knownRegions = (
				en,
				Base,
			);
			mainGroup = A837EB9229813032001A9BAE;
			productRefGroup = A837EB9C29813032001A9BAE /* Products */;
			projectDirPath = "";
			projectRoot = "";
			targets = (
				A837EB9A29813032001A9BAE /* FollowGram */,
			);
		};
/* End PBXProject section */

/* Begin PBXResourcesBuildPhase section */
		A837EB9929813032001A9BAE /* Resources */ = {
			isa = PBXResourcesBuildPhase;
			buildActionMask = 2147483647;
			files = (
				A837EBAB29813034001A9BAE /* LaunchScreen.storyboard in Resources */,
				A837EBA829813034001A9BAE /* Assets.xcassets in Resources */,
				A81A06E92987DB6700880493 /* HomeTableViewCell.xib in Resources */,
				A837EBA629813032001A9BAE /* Main.storyboard in Resources */,
			);
			runOnlyForDeploymentPostprocessing = 0;
		};
/* End PBXResourcesBuildPhase section */

/* Begin PBXShellScriptBuildPhase section */
		B994ACB331B739151C2ECC2B /* [CP] Embed Pods Frameworks */ = {
			isa = PBXShellScriptBuildPhase;
			buildActionMask = 2147483647;
			files = (
			);
			inputFileListPaths = (
				"${PODS_ROOT}/Target Support Files/Pods-FollowGram/Pods-FollowGram-frameworks-${CONFIGURATION}-input-files.xcfilelist",
			);
			name = "[CP] Embed Pods Frameworks";
			outputFileListPaths = (
				"${PODS_ROOT}/Target Support Files/Pods-FollowGram/Pods-FollowGram-frameworks-${CONFIGURATION}-output-files.xcfilelist",
			);
			runOnlyForDeploymentPostprocessing = 0;
			shellPath = /bin/sh;
			shellScript = "\"${PODS_ROOT}/Target Support Files/Pods-FollowGram/Pods-FollowGram-frameworks.sh\"\n";
			showEnvVarsInLog = 0;
		};
		E1FBF52130D6D716CDB290D3 /* [CP] Check Pods Manifest.lock */ = {
			isa = PBXShellScriptBuildPhase;
			buildActionMask = 2147483647;
			files = (
			);
			inputFileListPaths = (
			);
			inputPaths = (
				"${PODS_PODFILE_DIR_PATH}/Podfile.lock",
				"${PODS_ROOT}/Manifest.lock",
			);
			name = "[CP] Check Pods Manifest.lock";
			outputFileListPaths = (
			);
			outputPaths = (
				"$(DERIVED_FILE_DIR)/Pods-FollowGram-checkManifestLockResult.txt",
			);
			runOnlyForDeploymentPostprocessing = 0;
			shellPath = /bin/sh;
			shellScript = "diff \"${PODS_PODFILE_DIR_PATH}/Podfile.lock\" \"${PODS_ROOT}/Manifest.lock\" > /dev/null\nif [ $? != 0 ] ; then\n    # print error to STDERR\n    echo \"error: The sandbox is not in sync with the Podfile.lock. Run 'pod install' or update your CocoaPods installation.\" >&2\n    exit 1\nfi\n# This output is used by Xcode 'outputs' to avoid re-running this script phase.\necho \"SUCCESS\" > \"${SCRIPT_OUTPUT_FILE_0}\"\n";
			showEnvVarsInLog = 0;
		};
/* End PBXShellScriptBuildPhase section */

/* Begin PBXSourcesBuildPhase section */
		A837EB9729813032001A9BAE /* Sources */ = {
			isa = PBXSourcesBuildPhase;
			buildActionMask = 2147483647;
			files = (
				A83D233829838F9E0086198C /* HomeViewController.swift in Sources */,
				A83D233C2983FA300086198C /* UploadViewController.swift in Sources */,
				A81A06E82987DB6700880493 /* HomeTableViewCell.swift in Sources */,
				A837EBA329813032001A9BAE /* SignInViewController.swift in Sources */,
				A837EB9F29813032001A9BAE /* AppDelegate.swift in Sources */,
				A837EBB32981425A001A9BAE /* SignUpViewController.swift in Sources */,
				A837EBA129813032001A9BAE /* SceneDelegate.swift in Sources */,
			);
			runOnlyForDeploymentPostprocessing = 0;
		};
/* End PBXSourcesBuildPhase section */

/* Begin PBXVariantGroup section */
		A837EBA429813032001A9BAE /* Main.storyboard */ = {
			isa = PBXVariantGroup;
			children = (
				A837EBA529813032001A9BAE /* Base */,
			);
			name = Main.storyboard;
			sourceTree = "<group>";
		};
		A837EBA929813034001A9BAE /* LaunchScreen.storyboard */ = {
			isa = PBXVariantGroup;
			children = (
				A837EBAA29813034001A9BAE /* Base */,
			);
			name = LaunchScreen.storyboard;
			sourceTree = "<group>";
		};
/* End PBXVariantGroup section */

/* Begin XCBuildConfiguration section */
		A837EBAD29813034001A9BAE /* Debug */ = {
			isa = XCBuildConfiguration;
			buildSettings = {
				ALWAYS_SEARCH_USER_PATHS = NO;
				CLANG_ANALYZER_NONNULL = YES;
				CLANG_ANALYZER_NUMBER_OBJECT_CONVERSION = YES_AGGRESSIVE;
				CLANG_CXX_LANGUAGE_STANDARD = "gnu++17";
				CLANG_ENABLE_MODULES = YES;
				CLANG_ENABLE_OBJC_ARC = YES;
				CLANG_ENABLE_OBJC_WEAK = YES;
				CLANG_WARN_BLOCK_CAPTURE_AUTORELEASING = YES;
				CLANG_WARN_BOOL_CONVERSION = YES;
				CLANG_WARN_COMMA = YES;
				CLANG_WARN_CONSTANT_CONVERSION = YES;
				CLANG_WARN_DEPRECATED_OBJC_IMPLEMENTATIONS = YES;
				CLANG_WARN_DIRECT_OBJC_ISA_USAGE = YES_ERROR;
				CLANG_WARN_DOCUMENTATION_COMMENTS = YES;
				CLANG_WARN_EMPTY_BODY = YES;
				CLANG_WARN_ENUM_CONVERSION = YES;
				CLANG_WARN_INFINITE_RECURSION = YES;
				CLANG_WARN_INT_CONVERSION = YES;
				CLANG_WARN_NON_LITERAL_NULL_CONVERSION = YES;
				CLANG_WARN_OBJC_IMPLICIT_RETAIN_SELF = YES;
				CLANG_WARN_OBJC_LITERAL_CONVERSION = YES;
				CLANG_WARN_OBJC_ROOT_CLASS = YES_ERROR;
				CLANG_WARN_QUOTED_INCLUDE_IN_FRAMEWORK_HEADER = YES;
				CLANG_WARN_RANGE_LOOP_ANALYSIS = YES;
				CLANG_WARN_STRICT_PROTOTYPES = YES;
				CLANG_WARN_SUSPICIOUS_MOVE = YES;
				CLANG_WARN_UNGUARDED_AVAILABILITY = YES_AGGRESSIVE;
				CLANG_WARN_UNREACHABLE_CODE = YES;
				CLANG_WARN__DUPLICATE_METHOD_MATCH = YES;
				COPY_PHASE_STRIP = NO;
				DEBUG_INFORMATION_FORMAT = dwarf;
				ENABLE_STRICT_OBJC_MSGSEND = YES;
				ENABLE_TESTABILITY = YES;
				GCC_C_LANGUAGE_STANDARD = gnu11;
				GCC_DYNAMIC_NO_PIC = NO;
				GCC_NO_COMMON_BLOCKS = YES;
				GCC_OPTIMIZATION_LEVEL = 0;
				GCC_PREPROCESSOR_DEFINITIONS = (
					"DEBUG=1",
					"$(inherited)",
				);
				GCC_WARN_64_TO_32_BIT_CONVERSION = YES;
				GCC_WARN_ABOUT_RETURN_TYPE = YES_ERROR;
				GCC_WARN_UNDECLARED_SELECTOR = YES;
				GCC_WARN_UNINITIALIZED_AUTOS = YES_AGGRESSIVE;
				GCC_WARN_UNUSED_FUNCTION = YES;
				GCC_WARN_UNUSED_VARIABLE = YES;
				IPHONEOS_DEPLOYMENT_TARGET = 15.5;
				MTL_ENABLE_DEBUG_INFO = INCLUDE_SOURCE;
				MTL_FAST_MATH = YES;
				ONLY_ACTIVE_ARCH = YES;
				SDKROOT = iphoneos;
				SWIFT_ACTIVE_COMPILATION_CONDITIONS = DEBUG;
				SWIFT_OPTIMIZATION_LEVEL = "-Onone";
			};
			name = Debug;
		};
		A837EBAE29813034001A9BAE /* Release */ = {
			isa = XCBuildConfiguration;
			buildSettings = {
				ALWAYS_SEARCH_USER_PATHS = NO;
				CLANG_ANALYZER_NONNULL = YES;
				CLANG_ANALYZER_NUMBER_OBJECT_CONVERSION = YES_AGGRESSIVE;
				CLANG_CXX_LANGUAGE_STANDARD = "gnu++17";
				CLANG_ENABLE_MODULES = YES;
				CLANG_ENABLE_OBJC_ARC = YES;
				CLANG_ENABLE_OBJC_WEAK = YES;
				CLANG_WARN_BLOCK_CAPTURE_AUTORELEASING = YES;
				CLANG_WARN_BOOL_CONVERSION = YES;
				CLANG_WARN_COMMA = YES;
				CLANG_WARN_CONSTANT_CONVERSION = YES;
				CLANG_WARN_DEPRECATED_OBJC_IMPLEMENTATIONS = YES;
				CLANG_WARN_DIRECT_OBJC_ISA_USAGE = YES_ERROR;
				CLANG_WARN_DOCUMENTATION_COMMENTS = YES;
				CLANG_WARN_EMPTY_BODY = YES;
				CLANG_WARN_ENUM_CONVERSION = YES;
				CLANG_WARN_INFINITE_RECURSION = YES;
				CLANG_WARN_INT_CONVERSION = YES;
				CLANG_WARN_NON_LITERAL_NULL_CONVERSION = YES;
				CLANG_WARN_OBJC_IMPLICIT_RETAIN_SELF = YES;
				CLANG_WARN_OBJC_LITERAL_CONVERSION = YES;
				CLANG_WARN_OBJC_ROOT_CLASS = YES_ERROR;
				CLANG_WARN_QUOTED_INCLUDE_IN_FRAMEWORK_HEADER = YES;
				CLANG_WARN_RANGE_LOOP_ANALYSIS = YES;
				CLANG_WARN_STRICT_PROTOTYPES = YES;
				CLANG_WARN_SUSPICIOUS_MOVE = YES;
				CLANG_WARN_UNGUARDED_AVAILABILITY = YES_AGGRESSIVE;
				CLANG_WARN_UNREACHABLE_CODE = YES;
				CLANG_WARN__DUPLICATE_METHOD_MATCH = YES;
				COPY_PHASE_STRIP = NO;
				DEBUG_INFORMATION_FORMAT = "dwarf-with-dsym";
				ENABLE_NS_ASSERTIONS = NO;
				ENABLE_STRICT_OBJC_MSGSEND = YES;
				GCC_C_LANGUAGE_STANDARD = gnu11;
				GCC_NO_COMMON_BLOCKS = YES;
				GCC_WARN_64_TO_32_BIT_CONVERSION = YES;
				GCC_WARN_ABOUT_RETURN_TYPE = YES_ERROR;
				GCC_WARN_UNDECLARED_SELECTOR = YES;
				GCC_WARN_UNINITIALIZED_AUTOS = YES_AGGRESSIVE;
				GCC_WARN_UNUSED_FUNCTION = YES;
				GCC_WARN_UNUSED_VARIABLE = YES;
				IPHONEOS_DEPLOYMENT_TARGET = 15.5;
				MTL_ENABLE_DEBUG_INFO = NO;
				MTL_FAST_MATH = YES;
				SDKROOT = iphoneos;
				SWIFT_COMPILATION_MODE = wholemodule;
				SWIFT_OPTIMIZATION_LEVEL = "-O";
				VALIDATE_PRODUCT = YES;
			};
			name = Release;
		};
		A837EBB029813034001A9BAE /* Debug */ = {
			isa = XCBuildConfiguration;
			baseConfigurationReference = CC0FC230B3A94C0CE509839F /* Pods-FollowGram.debug.xcconfig */;
			buildSettings = {
				ASSETCATALOG_COMPILER_APPICON_NAME = AppIcon;
				ASSETCATALOG_COMPILER_GLOBAL_ACCENT_COLOR_NAME = AccentColor;
				CODE_SIGN_STYLE = Automatic;
				CURRENT_PROJECT_VERSION = 1;
				GENERATE_INFOPLIST_FILE = YES;
				INFOPLIST_FILE = FollowGram/Info.plist;
				INFOPLIST_KEY_UIApplicationSupportsIndirectInputEvents = YES;
				INFOPLIST_KEY_UILaunchStoryboardName = LaunchScreen;
				INFOPLIST_KEY_UIMainStoryboardFile = Main;
				INFOPLIST_KEY_UISupportedInterfaceOrientations_iPad = "UIInterfaceOrientationPortrait UIInterfaceOrientationPortraitUpsideDown UIInterfaceOrientationLandscapeLeft UIInterfaceOrientationLandscapeRight";
				INFOPLIST_KEY_UISupportedInterfaceOrientations_iPhone = "UIInterfaceOrientationPortrait UIInterfaceOrientationLandscapeLeft UIInterfaceOrientationLandscapeRight";
				LD_RUNPATH_SEARCH_PATHS = (
					"$(inherited)",
					"@executable_path/Frameworks",
				);
				MARKETING_VERSION = 1.0;
				PRODUCT_BUNDLE_IDENTIFIER = nimapinfotech.FollowGram;
				PRODUCT_NAME = "$(TARGET_NAME)";
				SWIFT_EMIT_LOC_STRINGS = YES;
				SWIFT_VERSION = 5.0;
				TARGETED_DEVICE_FAMILY = "1,2";
			};
			name = Debug;
		};
		A837EBB129813034001A9BAE /* Release */ = {
			isa = XCBuildConfiguration;
			baseConfigurationReference = 424620DDB8749DDB1BBF03F1 /* Pods-FollowGram.release.xcconfig */;
			buildSettings = {
				ASSETCATALOG_COMPILER_APPICON_NAME = AppIcon;
				ASSETCATALOG_COMPILER_GLOBAL_ACCENT_COLOR_NAME = AccentColor;
				CODE_SIGN_STYLE = Automatic;
				CURRENT_PROJECT_VERSION = 1;
				GENERATE_INFOPLIST_FILE = YES;
				INFOPLIST_FILE = FollowGram/Info.plist;
				INFOPLIST_KEY_UIApplicationSupportsIndirectInputEvents = YES;
				INFOPLIST_KEY_UILaunchStoryboardName = LaunchScreen;
				INFOPLIST_KEY_UIMainStoryboardFile = Main;
				INFOPLIST_KEY_UISupportedInterfaceOrientations_iPad = "UIInterfaceOrientationPortrait UIInterfaceOrientationPortraitUpsideDown UIInterfaceOrientationLandscapeLeft UIInterfaceOrientationLandscapeRight";
				INFOPLIST_KEY_UISupportedInterfaceOrientations_iPhone = "UIInterfaceOrientationPortrait UIInterfaceOrientationLandscapeLeft UIInterfaceOrientationLandscapeRight";
				LD_RUNPATH_SEARCH_PATHS = (
					"$(inherited)",
					"@executable_path/Frameworks",
				);
				MARKETING_VERSION = 1.0;
				PRODUCT_BUNDLE_IDENTIFIER = nimapinfotech.FollowGram;
				PRODUCT_NAME = "$(TARGET_NAME)";
				SWIFT_EMIT_LOC_STRINGS = YES;
				SWIFT_VERSION = 5.0;
				TARGETED_DEVICE_FAMILY = "1,2";
			};
			name = Release;
		};
/* End XCBuildConfiguration section */

/* Begin XCConfigurationList section */
		A837EB9629813032001A9BAE /* Build configuration list for PBXProject "FollowGram" */ = {
			isa = XCConfigurationList;
			buildConfigurations = (
				A837EBAD29813034001A9BAE /* Debug */,
				A837EBAE29813034001A9BAE /* Release */,
			);
			defaultConfigurationIsVisible = 0;
			defaultConfigurationName = Release;
		};
		A837EBAF29813034001A9BAE /* Build configuration list for PBXNativeTarget "FollowGram" */ = {
			isa = XCConfigurationList;
			buildConfigurations = (
				A837EBB029813034001A9BAE /* Debug */,
				A837EBB129813034001A9BAE /* Release */,
			);
			defaultConfigurationIsVisible = 0;
			defaultConfigurationName = Release;
		};
/* End XCConfigurationList section */
	};
	rootObject = A837EB9329813032001A9BAE /* Project object */;
}
